
Microsoft Visual Studio Solution File, Format Version 12.00
# Visual Studio Version 17
VisualStudioVersion = 17.14.36109.1 d17.14
MinimumVisualStudioVersion = 10.0.40219.1
Project("{FAE04EC0-301F-11D3-BF4B-00C04F79EFBC}") = "HotWheelsCollecao", "HotWheelsCollecao\HotWheelsCollecao.csproj", "{A645105B-FBD4-485B-8937-9F4751684CC0}"
EndProject
Global
	GlobalSection(SolutionConfigurationPlatforms) = preSolution
		Debug|Any CPU = Debug|Any CPU
		Release|Any CPU = Release|Any CPU
	EndGlobalSection
	GlobalSection(ProjectConfigurationPlatforms) = postSolution
		{A645105B-FBD4-485B-8937-9F4751684CC0}.Debug|Any CPU.ActiveCfg = Debug|Any CPU
		{A645105B-FBD4-485B-8937-9F4751684CC0}.Debug|Any CPU.Build.0 = Debug|Any CPU
		{A645105B-FBD4-485B-8937-9F4751684CC0}.Release|Any CPU.ActiveCfg = Release|Any CPU
		{A645105B-FBD4-485B-8937-9F4751684CC0}.Release|Any CPU.Build.0 = Release|Any CPU
	EndGlobalSection
	GlobalSection(SolutionProperties) = preSolution
		HideSolutionNode = FALSE
	EndGlobalSection
	GlobalSection(ExtensibilityGlobals) = postSolution
		SolutionGuid = {2AC0E402-6B82-4E5C-B29C-518619C751F4}
	EndGlobalSection
EndGlobal
